
Microsoft Visual Studio Solution File, Format Version 12.00
# Visual Studio 14
VisualStudioVersion = 14.0.25420.1
MinimumVisualStudioVersion = 10.0.40219.1
Project("{F2A71F9B-5D33-465A-A702-920D77279786}") = "VotingWaitTimes", "VotingWaitTimes\VotingWaitTimes.fsproj", "{406EAEFF-DA32-4432-BCB4-A200124EEB02}"
EndProject
Project("{00D1A9C2-B5F0-4AF3-8072-F6C62B433612}") = "Data", "Data\Data.sqlproj", "{E4E15A2C-F352-45B5-A0F4-C1A1986DF206}"
EndProject
Global
	GlobalSection(SolutionConfigurationPlatforms) = preSolution
		Debug|Any CPU = Debug|Any CPU
		Release|Any CPU = Release|Any CPU
	EndGlobalSection
	GlobalSection(ProjectConfigurationPlatforms) = postSolution
		{406EAEFF-DA32-4432-BCB4-A200124EEB02}.Debug|Any CPU.ActiveCfg = Debug|Any CPU
		{406EAEFF-DA32-4432-BCB4-A200124EEB02}.Debug|Any CPU.Build.0 = Debug|Any CPU
		{406EAEFF-DA32-4432-BCB4-A200124EEB02}.Release|Any CPU.ActiveCfg = Release|Any CPU
		{406EAEFF-DA32-4432-BCB4-A200124EEB02}.Release|Any CPU.Build.0 = Release|Any CPU
		{E4E15A2C-F352-45B5-A0F4-C1A1986DF206}.Debug|Any CPU.ActiveCfg = Debug|Any CPU
		{E4E15A2C-F352-45B5-A0F4-C1A1986DF206}.Debug|Any CPU.Build.0 = Debug|Any CPU
		{E4E15A2C-F352-45B5-A0F4-C1A1986DF206}.Debug|Any CPU.Deploy.0 = Debug|Any CPU
		{E4E15A2C-F352-45B5-A0F4-C1A1986DF206}.Release|Any CPU.ActiveCfg = Release|Any CPU
		{E4E15A2C-F352-45B5-A0F4-C1A1986DF206}.Release|Any CPU.Build.0 = Release|Any CPU
		{E4E15A2C-F352-45B5-A0F4-C1A1986DF206}.Release|Any CPU.Deploy.0 = Release|Any CPU
	EndGlobalSection
	GlobalSection(SolutionProperties) = preSolution
		HideSolutionNode = FALSE
	EndGlobalSection
EndGlobal
